github.com/ergochat/irc-go v0.4.0 h1:0YibCKfAAtwxQdNjLQd9xpIEPisLcJ45f8FNsMHAuZc=
github.com/ergochat/irc-go v0.4.0/go.mod h1:2vi7KNpIPWnReB5hmLpl92eMywQvuIeIIGdt/FQCph0=
github.com/kelseyhightower/envconfig v1.4.0 h1:Im6hONhd3pLkfDFsbRgu68RDNkGF1r3dvMUtDTo2cv8=
github.com/kelseyhightower/envconfig v1.4.0/go.mod h1:cccZRl6mQpaq41TPp5QxidR+Sa3axMbJDNb//FQX6Gg=
