{
  "lockFileVersion": 11,
  "registryFileHashes": {
    "https://bcr.bazel.build/bazel_registry.json": "8a28e4aff06ee60aed2a8c281907fb8bcbf3b753c91fb5a5c57da3215d5b3497",
    "https://bcr.bazel.build/modules/abseil-cpp/20210324.2/MODULE.bazel": "7cd0312e064fde87c8d1cd79ba06c876bd23630c83466e9500321be55c96ace2",
    "https://bcr.bazel.build/modules/abseil-cpp/20211102.0/MODULE.bazel": "70390338f7a5106231d20620712f7cccb659cd0e9d073d1991c038eb9fc57589",
    "https://bcr.bazel.build/modules/abseil-cpp/20230125.1/MODULE.bazel": "89047429cb0207707b2dface14ba7f8df85273d484c2572755be4bab7ce9c3a0",
    "https://bcr.bazel.build/modules/abseil-cpp/20230802.0.bcr.1/MODULE.bazel": "1c8cec495288dccd14fdae6e3f95f772c1c91857047a098fad772034264cc8cb",
    "https://bcr.bazel.build/modules/abseil-cpp/20230802.0.bcr.1/source.json": "14892cc698e02ffedf4967546e6bedb7245015906888d3465fcf27c90a26da10",
    "https://bcr.bazel.build/modules/apple_support/1.23.0/MODULE.bazel": "317d47e3f65b580e7fb4221c160797fda48e32f07d2dfff63d754ef2316dcd25",
    "https://bcr.bazel.build/modules/apple_support/1.23.0/source.json": "cb90a670c368cd37b5a7021486fd3f9a3fb0fcb8f45af43399137938d32ced76",
    "https://bcr.bazel.build/modules/apple_support/1.5.0/MODULE.bazel": "50341a62efbc483e8a2a6aec30994a58749bd7b885e18dd96aa8c33031e558ef",
    "https://bcr.bazel.build/modules/aspect_bazel_lib/2.7.2/MODULE.bazel": "780d1a6522b28f5edb7ea09630748720721dfe27690d65a2d33aa7509de77e07",
    "https://bcr.bazel.build/modules/aspect_bazel_lib/2.7.2/source.json": "a9ee2898e86eb8106e67b2adcd63de788cd922dd82f90f6775f13b0bf2248d75",
    "https://bcr.bazel.build/modules/bazel_features/1.10.0/MODULE.bazel": "f75e8807570484a99be90abcd52b5e1f390362c258bcb73106f4544957a48101",
    "https://bcr.bazel.build/modules/bazel_features/1.11.0/MODULE.bazel": "f9382337dd5a474c3b7d334c2f83e50b6eaedc284253334cf823044a26de03e8",
    "https://bcr.bazel.build/modules/bazel_features/1.18.0/MODULE.bazel": "1be0ae2557ab3a72a57aeb31b29be347bcdc5d2b1eb1e70f39e3851a7e97041a",
    "https://bcr.bazel.build/modules/bazel_features/1.27.0/MODULE.bazel": "621eeee06c4458a9121d1f104efb80f39d34deff4984e778359c60eaf1a8cb65",
    "https://bcr.bazel.build/modules/bazel_features/1.28.0/MODULE.bazel": "4b4200e6cbf8fa335b2c3f43e1d6ef3e240319c33d43d60cc0fbd4b87ece299d",
    "https://bcr.bazel.build/modules/bazel_features/1.32.0/MODULE.bazel": "095d67022a58cb20f7e20e1aefecfa65257a222c18a938e2914fd257b5f1ccdc",
    "https://bcr.bazel.build/modules/bazel_features/1.32.0/source.json": "2546c766986a6541f0bacd3e8542a1f621e2b14a80ea9e88c6f89f7eedf64ae1",
    "https://bcr.bazel.build/modules/bazel_skylib/1.0.3/MODULE.bazel": "bcb0fd896384802d1ad283b4e4eb4d718eebd8cb820b0a2c3a347fb971afd9d8",
    "https://bcr.bazel.build/modules/bazel_skylib/1.2.0/MODULE.bazel": "44fe84260e454ed94ad326352a698422dbe372b21a1ac9f3eab76eb531223686",
    "https://bcr.bazel.build/modules/bazel_skylib/1.2.1/MODULE.bazel": "f35baf9da0efe45fa3da1696ae906eea3d615ad41e2e3def4aeb4e8bc0ef9a7a",
    "https://bcr.bazel.build/modules/bazel_skylib/1.3.0/MODULE.bazel": "20228b92868bf5cfc41bda7afc8a8ba2a543201851de39d990ec957b513579c5",
    "https://bcr.bazel.build/modules/bazel_skylib/1.4.1/MODULE.bazel": "a0dcb779424be33100dcae821e9e27e4f2901d9dfd5333efe5ac6a8d7ab75e1d",
    "https://bcr.bazel.build/modules/bazel_skylib/1.5.0/MODULE.bazel": "32880f5e2945ce6a03d1fbd588e9198c0a959bb42297b2cfaf1685b7bc32e138",
    "https://bcr.bazel.build/modules/bazel_skylib/1.6.1/MODULE.bazel": "8fdee2dbaace6c252131c00e1de4b165dc65af02ea278476187765e1a617b917",
    "https://bcr.bazel.build/modules/bazel_skylib/1.7.1/MODULE.bazel": "3120d80c5861aa616222ec015332e5f8d3171e062e3e804a2a0253e1be26e59b",
    "https://bcr.bazel.build/modules/bazel_skylib/1.8.1/MODULE.bazel": "88ade7293becda963e0e3ea33e7d54d3425127e0a326e0d17da085a5f1f03ff6",
    "https://bcr.bazel.build/modules/bazel_skylib/1.8.1/source.json": "7ebaefba0b03efe59cac88ed5bbc67bcf59a3eff33af937345ede2a38b2d368a",
    "https://bcr.bazel.build/modules/buildozer/7.1.2/MODULE.bazel": "2e8dd40ede9c454042645fd8d8d0cd1527966aa5c919de86661e62953cd73d84",
    "https://bcr.bazel.build/modules/buildozer/7.1.2/source.json": "c9028a501d2db85793a6996205c8de120944f50a0d570438fcae0457a5f9d1f8",
    "https://bcr.bazel.build/modules/gazelle/0.32.0/MODULE.bazel": "b499f58a5d0d3537f3cf5b76d8ada18242f64ec474d8391247438bf04f58c7b8",
    "https://bcr.bazel.build/modules/gazelle/0.33.0/MODULE.bazel": "a13a0f279b462b784fb8dd52a4074526c4a2afe70e114c7d09066097a46b3350",
    "https://bcr.bazel.build/modules/gazelle/0.33.0/source.json": "ddd6c264f75051b9dded4a256b96351f8464c73abc657c364bc0a0b7f5e32d9e",
    "https://bcr.bazel.build/modules/googletest/1.11.0/MODULE.bazel": "3a83f095183f66345ca86aa13c58b59f9f94a2f81999c093d4eeaa2d262d12f4",
    "https://bcr.bazel.build/modules/googletest/1.14.0/MODULE.bazel": "cfbcbf3e6eac06ef9d85900f64424708cc08687d1b527f0ef65aa7517af8118f",
    "https://bcr.bazel.build/modules/googletest/1.14.0/source.json": "2478949479000fdd7de9a3d0107ba2c85bb5f961c3ecb1aa448f52549ce310b5",
    "https://bcr.bazel.build/modules/jsoncpp/1.9.5/MODULE.bazel": "31271aedc59e815656f5736f282bb7509a97c7ecb43e927ac1a37966e0578075",
    "https://bcr.bazel.build/modules/jsoncpp/1.9.5/source.json": "4108ee5085dd2885a341c7fab149429db457b3169b86eb081fa245eadf69169d",
    "https://bcr.bazel.build/modules/platforms/0.0.10/MODULE.bazel": "8cb8efaf200bdeb2150d93e162c40f388529a25852b332cec879373771e48ed5",
    "https://bcr.bazel.build/modules/platforms/0.0.4/MODULE.bazel": "9b328e31ee156f53f3c416a64f8491f7eb731742655a47c9eec4703a71644aee",
    "https://bcr.bazel.build/modules/platforms/0.0.5/MODULE.bazel": "5733b54ea419d5eaf7997054bb55f6a1d0b5ff8aedf0176fef9eea44f3acda37",
    "https://bcr.bazel.build/modules/platforms/0.0.6/MODULE.bazel": "ad6eeef431dc52aefd2d77ed20a4b353f8ebf0f4ecdd26a807d2da5aa8cd0615",
    "https://bcr.bazel.build/modules/platforms/0.0.7/MODULE.bazel": "72fd4a0ede9ee5c021f6a8dd92b503e089f46c227ba2813ff183b71616034814",
    "https://bcr.bazel.build/modules/platforms/0.0.8/MODULE.bazel": "9f142c03e348f6d263719f5074b21ef3adf0b139ee4c5133e2aa35664da9eb2d",
    "https://bcr.bazel.build/modules/platforms/0.0.9/MODULE.bazel": "4a87a60c927b56ddd67db50c89acaa62f4ce2a1d2149ccb63ffd871d5ce29ebc",
    "https://bcr.bazel.build/modules/platforms/1.0.0/MODULE.bazel": "f05feb42b48f1b3c225e4ccf351f367be0371411a803198ec34a389fb22aa580",
    "https://bcr.bazel.build/modules/platforms/1.0.0/source.json": "f4ff1fd412e0246fd38c82328eb209130ead81d62dcd5a9e40910f867f733d96",
    "https://bcr.bazel.build/modules/protobuf/21.7/MODULE.bazel": "a5a29bb89544f9b97edce05642fac225a808b5b7be74038ea3640fae2f8e66a7",
    "https://bcr.bazel.build/modules/protobuf/27.0/MODULE.bazel": "7873b60be88844a0a1d8f80b9d5d20cfbd8495a689b8763e76c6372998d3f64c",
    "https://bcr.bazel.build/modules/protobuf/27.0/source.json": "1acf3d080c728d42f423fde5422fd0a1a24f44c15908124ce12363a253384193",
    "https://bcr.bazel.build/modules/protobuf/3.19.0/MODULE.bazel": "6b5fbb433f760a99a22b18b6850ed5784ef0e9928a72668b66e4d7ccd47db9b0",
    "https://bcr.bazel.build/modules/protobuf/3.19.2/MODULE.bazel": "532ffe5f2186b69fdde039efe6df13ba726ff338c6bc82275ad433013fa10573",
    "https://bcr.bazel.build/modules/protobuf/3.19.6/MODULE.bazel": "9233edc5e1f2ee276a60de3eaa47ac4132302ef9643238f23128fea53ea12858",
    "https://bcr.bazel.build/modules/rules_cc/0.0.1/MODULE.bazel": "cb2aa0747f84c6c3a78dad4e2049c154f08ab9d166b1273835a8174940365647",
    "https://bcr.bazel.build/modules/rules_cc/0.0.2/MODULE.bazel": "6915987c90970493ab97393024c156ea8fb9f3bea953b2f3ec05c34f19b5695c",
    "https://bcr.bazel.build/modules/rules_cc/0.0.6/MODULE.bazel": "abf360251023dfe3efcef65ab9d56beefa8394d4176dd29529750e1c57eaa33f",
    "https://bcr.bazel.build/modules/rules_cc/0.0.8/MODULE.bazel": "964c85c82cfeb6f3855e6a07054fdb159aced38e99a5eecf7bce9d53990afa3e",
    "https://bcr.bazel.build/modules/rules_cc/0.0.9/MODULE.bazel": "836e76439f354b89afe6a911a7adf59a6b2518fafb174483ad78a2a2fde7b1c5",
    "https://bcr.bazel.build/modules/rules_cc/0.2.4/MODULE.bazel": "1ff1223dfd24f3ecf8f028446d4a27608aa43c3f41e346d22838a4223980b8cc",
    "https://bcr.bazel.build/modules/rules_cc/0.2.4/source.json": "2bd87ef9b41d4753eadf65175745737135cba0e70b479bdc204ef0c67404d0c4",
    "https://bcr.bazel.build/modules/rules_elixir/1.1.0/MODULE.bazel": "6a1c07d4d576e9615879779db86bee0c13dceb9457a861bcfdbd1edc2f2c1849",
    "https://bcr.bazel.build/modules/rules_elixir/1.1.0/source.json": "3ac0b624e4fecda7cff676477904807aee3ad3c0ea4da5bb925fb3c9cc97d9cf",
    "https://bcr.bazel.build/modules/rules_erlang/3.16.0/MODULE.bazel": "dcf0ecc074384441f804dd53eb027ffc5596e4f09fdb50f428db8ebd290e9e83",
    "https://bcr.bazel.build/modules/rules_erlang/3.16.0/source.json": "7e45c3a7394bbe83e2e1fa3cc9078dc4069ac4be7ff07c95eb28d7ffba4cbe34",
    "https://bcr.bazel.build/modules/rules_go/0.41.0/MODULE.bazel": "55861d8e8bb0e62cbd2896f60ff303f62ffcb0eddb74ecb0e5c0cbe36fc292c8",
    "https://bcr.bazel.build/modules/rules_go/0.41.0/source.json": "a46e5f523176e3bd60b1c9cfdcb6c878b9cd14c21fe1a563c4ba0e6d0e7c4dd8",
    "https://bcr.bazel.build/modules/rules_java/4.0.0/MODULE.bazel": "5a78a7ae82cd1a33cef56dc578c7d2a46ed0dca12643ee45edbb8417899e6f74",
    "https://bcr.bazel.build/modules/rules_java/5.3.5/MODULE.bazel": "a4ec4f2db570171e3e5eb753276ee4b389bae16b96207e9d3230895c99644b86",
    "https://bcr.bazel.build/modules/rules_java/7.6.5/MODULE.bazel": "481164be5e02e4cab6e77a36927683263be56b7e36fef918b458d7a8a1ebadb1",
    "https://bcr.bazel.build/modules/rules_java/7.6.5/source.json": "a805b889531d1690e3c72a7a7e47a870d00323186a9904b36af83aa3d053ee8d",
    "https://bcr.bazel.build/modules/rules_jvm_external/4.4.2/MODULE.bazel": "a56b85e418c83eb1839819f0b515c431010160383306d13ec21959ac412d2fe7",
    "https://bcr.bazel.build/modules/rules_jvm_external/5.1/MODULE.bazel": "33f6f999e03183f7d088c9be518a63467dfd0be94a11d0055fe2d210f89aa909",
    "https://bcr.bazel.build/modules/rules_jvm_external/5.1/source.json": "5abb45cc9beb27b77aec6a65a11855ef2b55d95dfdc358e9f312b78ae0ba32d5",
    "https://bcr.bazel.build/modules/rules_license/0.0.3/MODULE.bazel": "627e9ab0247f7d1e05736b59dbb1b6871373de5ad31c3011880b4133cafd4bd0",
    "https://bcr.bazel.build/modules/rules_license/0.0.7/MODULE.bazel": "088fbeb0b6a419005b89cf93fe62d9517c0a2b8bb56af3244af65ecfe37e7d5d",
    "https://bcr.bazel.build/modules/rules_license/1.0.0/MODULE.bazel": "a7fda60eefdf3d8c827262ba499957e4df06f659330bbe6cdbdb975b768bb65c",
    "https://bcr.bazel.build/modules/rules_license/1.0.0/source.json": "a52c89e54cc311196e478f8382df91c15f7a2bfdf4c6cd0e2675cc2ff0b56efb",
    "https://bcr.bazel.build/modules/rules_oci/2.2.6/MODULE.bazel": "2ba6ddd679269e00aeffe9ca04faa2d0ca4129650982c9246d0d459fe2da47d9",
    "https://bcr.bazel.build/modules/rules_oci/2.2.6/source.json": "94e7decb8f95d9465b0bbea71c65064cd16083be1350c7468f131818641dc4a5",
    "https://bcr.bazel.build/modules/rules_pkg/0.7.0/MODULE.bazel": "df99f03fc7934a4737122518bb87e667e62d780b610910f0447665a7e2be62dc",
    "https://bcr.bazel.build/modules/rules_pkg/0.7.0/source.json": "c2557066e0c0342223ba592510ad3d812d4963b9024831f7f66fd0584dd8c66c",
    "https://bcr.bazel.build/modules/rules_proto/4.0.0/MODULE.bazel": "a7a7b6ce9bee418c1a760b3d84f83a299ad6952f9903c67f19e4edd964894e06",
    "https://bcr.bazel.build/modules/rules_proto/5.3.0-21.7/MODULE.bazel": "e8dff86b0971688790ae75528fe1813f71809b5afd57facb44dad9e8eca631b7",
    "https://bcr.bazel.build/modules/rules_proto/5.3.0-21.7/source.json": "d57902c052424dfda0e71646cb12668d39c4620ee0544294d9d941e7d12bc3a9",
    "https://bcr.bazel.build/modules/rules_python/0.10.2/MODULE.bazel": "cc82bc96f2997baa545ab3ce73f196d040ffb8756fd2d66125a530031cd90e5f",
    "https://bcr.bazel.build/modules/rules_python/0.22.1/MODULE.bazel": "26114f0c0b5e93018c0c066d6673f1a2c3737c7e90af95eff30cfee38d0bbac7",
    "https://bcr.bazel.build/modules/rules_python/0.22.1/source.json": "57226905e783bae7c37c2dd662be078728e48fa28ee4324a7eabcafb5a43d014",
    "https://bcr.bazel.build/modules/rules_python/0.4.0/MODULE.bazel": "9208ee05fd48bf09ac60ed269791cf17fb343db56c8226a720fbb1cdf467166c",
    "https://bcr.bazel.build/modules/rules_rust/0.65.0/MODULE.bazel": "1b53caef82fd1c89a2fb15cfa3a15a8e98fe12f4904806b409f5a0183e73f547",
    "https://bcr.bazel.build/modules/rules_rust/0.65.0/source.json": "3ea929f53bab109fb903d54f08bd86095c323cc3969c025f69e795b564ac5e5f",
    "https://bcr.bazel.build/modules/rules_shell/0.4.0/MODULE.bazel": "0f8f11bb3cd11755f0b48c1de0bbcf62b4b34421023aa41a2fc74ef68d9584f0",
    "https://bcr.bazel.build/modules/rules_shell/0.4.0/source.json": "1d7fa7f941cd41dc2704ba5b4edc2e2230eea1cc600d80bd2b65838204c50b95",
    "https://bcr.bazel.build/modules/stardoc/0.5.1/MODULE.bazel": "1a05d92974d0c122f5ccf09291442580317cdd859f07a8655f1db9a60374f9f8",
    "https://bcr.bazel.build/modules/stardoc/0.5.3/MODULE.bazel": "c7f6948dae6999bf0db32c1858ae345f112cacf98f174c7a8bb707e41b974f1c",
    "https://bcr.bazel.build/modules/stardoc/0.5.4/MODULE.bazel": "6569966df04610b8520957cb8e97cf2e9faac2c0309657c537ab51c16c18a2a4",
    "https://bcr.bazel.build/modules/stardoc/0.5.4/source.json": "a961f58a71e735aa9dcb2d79b288e06b0a2d860ba730302c8f11be411b76631e",
    "https://bcr.bazel.build/modules/upb/0.0.0-20220923-a547704/MODULE.bazel": "7298990c00040a0e2f121f6c32544bab27d4452f80d9ce51349b1a28f3005c43",
    "https://bcr.bazel.build/modules/zlib/1.2.11/MODULE.bazel": "07b389abc85fdbca459b69e2ec656ae5622873af3f845e1c9d80fe179f3effa0",
    "https://bcr.bazel.build/modules/zlib/1.2.12/MODULE.bazel": "3b1a8834ada2a883674be8cbd36ede1b6ec481477ada359cd2d3ddc562340b27",
    "https://bcr.bazel.build/modules/zlib/1.3.1.bcr.3/MODULE.bazel": "af322bc08976524477c79d1e45e241b6efbeb918c497e8840b8ab116802dda79",
    "https://bcr.bazel.build/modules/zlib/1.3.1.bcr.3/source.json": "2be409ac3c7601245958cd4fcdff4288be79ed23bd690b4b951f500d54ee6e7d"
  },
  "selectedYankedVersions": {},
  "moduleExtensions": {
    "@@aspect_bazel_lib~//lib:extensions.bzl%toolchains": {
      "general": {
        "bzlTransitiveDigest": "qjpcu+jbmeT2L5+ioH/HKy64NswEV29s9cVZee/Nh3Y=",
        "usagesDigest": "B9m6dvI+FgucywhthmhbJQuCibpgwkklOjqa0BuYfpI=",
        "recordedFileInputs": {},
        "recordedDirentsInputs": {},
        "envVariables": {},
        "generatedRepoSpecs": {
          "copy_directory_darwin_amd64": {
            "bzlFile": "@@aspect_bazel_lib~//lib/private:copy_directory_toolchain.bzl",
            "ruleClassName": "copy_directory_platform_repo",
            "attributes": {
              "platform": "darwin_amd64"
            }
          },
          "copy_directory_darwin_arm64": {
            "bzlFile": "@@aspect_bazel_lib~//lib/private:copy_directory_toolchain.bzl",
            "ruleClassName": "copy_directory_platform_repo",
            "attributes": {
              "platform": "darwin_arm64"
            }
          },
          "copy_directory_freebsd_amd64": {
            "bzlFile": "@@aspect_bazel_lib~//lib/private:copy_directory_toolchain.bzl",
            "ruleClassName": "copy_directory_platform_repo",
            "attributes": {
              "platform": "freebsd_amd64"
            }
          },
          "copy_directory_linux_amd64": {
            "bzlFile": "@@aspect_bazel_lib~//lib/private:copy_directory_toolchain.bzl",
            "ruleClassName": "copy_directory_platform_repo",
            "attributes": {
              "platform": "linux_amd64"
            }
          },
          "copy_directory_linux_arm64": {
            "bzlFile": "@@aspect_bazel_lib~//lib/private:copy_directory_toolchain.bzl",
            "ruleClassName": "copy_directory_platform_repo",
            "attributes": {
              "platform": "linux_arm64"
            }
          },
          "copy_directory_windows_amd64": {
            "bzlFile": "@@aspect_bazel_lib~//lib/private:copy_directory_toolchain.bzl",
            "ruleClassName": "copy_directory_platform_repo",
            "attributes": {
              "platform": "windows_amd64"
            }
          },
          "copy_directory_toolchains": {
            "bzlFile": "@@aspect_bazel_lib~//lib/private:copy_directory_toolchain.bzl",
            "ruleClassName": "copy_directory_toolchains_repo",
            "attributes": {
              "user_repository_name": "copy_directory"
            }
          },
          "copy_to_directory_darwin_amd64": {
            "bzlFile": "@@aspect_bazel_lib~//lib/private:copy_to_directory_toolchain.bzl",
            "ruleClassName": "copy_to_directory_platform_repo",
            "attributes": {
              "platform": "darwin_amd64"
            }
          },
          "copy_to_directory_darwin_arm64": {
            "bzlFile": "@@aspect_bazel_lib~//lib/private:copy_to_directory_toolchain.bzl",
            "ruleClassName": "copy_to_directory_platform_repo",
            "attributes": {
              "platform": "darwin_arm64"
            }
          },
          "copy_to_directory_freebsd_amd64": {
            "bzlFile": "@@aspect_bazel_lib~//lib/private:copy_to_directory_toolchain.bzl",
            "ruleClassName": "copy_to_directory_platform_repo",
            "attributes": {
              "platform": "freebsd_amd64"
            }
          },
          "copy_to_directory_linux_amd64": {
            "bzlFile": "@@aspect_bazel_lib~//lib/private:copy_to_directory_toolchain.bzl",
            "ruleClassName": "copy_to_directory_platform_repo",
            "attributes": {
              "platform": "linux_amd64"
            }
          },
          "copy_to_directory_linux_arm64": {
            "bzlFile": "@@aspect_bazel_lib~//lib/private:copy_to_directory_toolchain.bzl",
            "ruleClassName": "copy_to_directory_platform_repo",
            "attributes": {
              "platform": "linux_arm64"
            }
          },
          "copy_to_directory_windows_amd64": {
            "bzlFile": "@@aspect_bazel_lib~//lib/private:copy_to_directory_toolchain.bzl",
            "ruleClassName": "copy_to_directory_platform_repo",
            "attributes": {
              "platform": "windows_amd64"
            }
          },
          "copy_to_directory_toolchains": {
            "bzlFile": "@@aspect_bazel_lib~//lib/private:copy_to_directory_toolchain.bzl",
            "ruleClassName": "copy_to_directory_toolchains_repo",
            "attributes": {
              "user_repository_name": "copy_to_directory"
            }
          },
          "jq_darwin_amd64": {
            "bzlFile": "@@aspect_bazel_lib~//lib/private:jq_toolchain.bzl",
            "ruleClassName": "jq_platform_repo",
            "attributes": {
              "platform": "darwin_amd64",
              "version": "1.7"
            }
          },
          "jq_darwin_arm64": {
            "bzlFile": "@@aspect_bazel_lib~//lib/private:jq_toolchain.bzl",
            "ruleClassName": "jq_platform_repo",
            "attributes": {
              "platform": "darwin_arm64",
              "version": "1.7"
            }
          },
          "jq_linux_amd64": {
            "bzlFile": "@@aspect_bazel_lib~//lib/private:jq_toolchain.bzl",
            "ruleClassName": "jq_platform_repo",
            "attributes": {
              "platform": "linux_amd64",
              "version": "1.7"
            }
          },
          "jq_linux_arm64": {
            "bzlFile": "@@aspect_bazel_lib~//lib/private:jq_toolchain.bzl",
            "ruleClassName": "jq_platform_repo",
            "attributes": {
              "platform": "linux_arm64",
              "version": "1.7"
            }
          },
          "jq_windows_amd64": {
            "bzlFile": "@@aspect_bazel_lib~//lib/private:jq_toolchain.bzl",
            "ruleClassName": "jq_platform_repo",
            "attributes": {
              "platform": "windows_amd64",
              "version": "1.7"
            }
          },
          "jq": {
            "bzlFile": "@@aspect_bazel_lib~//lib/private:jq_toolchain.bzl",
            "ruleClassName": "jq_host_alias_repo",
            "attributes": {}
          },
          "jq_toolchains": {
            "bzlFile": "@@aspect_bazel_lib~//lib/private:jq_toolchain.bzl",
            "ruleClassName": "jq_toolchains_repo",
            "attributes": {
              "user_repository_name": "jq"
            }
          },
          "yq_darwin_amd64": {
            "bzlFile": "@@aspect_bazel_lib~//lib/private:yq_toolchain.bzl",
            "ruleClassName": "yq_platform_repo",
            "attributes": {
              "platform": "darwin_amd64",
              "version": "4.25.2"
            }
          },
          "yq_darwin_arm64": {
            "bzlFile": "@@aspect_bazel_lib~//lib/private:yq_toolchain.bzl",
            "ruleClassName": "yq_platform_repo",
            "attributes": {
              "platform": "darwin_arm64",
              "version": "4.25.2"
            }
          },
          "yq_linux_amd64": {
            "bzlFile": "@@aspect_bazel_lib~//lib/private:yq_toolchain.bzl",
            "ruleClassName": "yq_platform_repo",
            "attributes": {
              "platform": "linux_amd64",
              "version": "4.25.2"
            }
          },
          "yq_linux_arm64": {
            "bzlFile": "@@aspect_bazel_lib~//lib/private:yq_toolchain.bzl",
            "ruleClassName": "yq_platform_repo",
            "attributes": {
              "platform": "linux_arm64",
              "version": "4.25.2"
            }
          },
          "yq_linux_s390x": {
            "bzlFile": "@@aspect_bazel_lib~//lib/private:yq_toolchain.bzl",
            "ruleClassName": "yq_platform_repo",
            "attributes": {
              "platform": "linux_s390x",
              "version": "4.25.2"
            }
          },
          "yq_linux_ppc64le": {
            "bzlFile": "@@aspect_bazel_lib~//lib/private:yq_toolchain.bzl",
            "ruleClassName": "yq_platform_repo",
            "attributes": {
              "platform": "linux_ppc64le",
              "version": "4.25.2"
            }
          },
          "yq_windows_amd64": {
            "bzlFile": "@@aspect_bazel_lib~//lib/private:yq_toolchain.bzl",
            "ruleClassName": "yq_platform_repo",
            "attributes": {
              "platform": "windows_amd64",
              "version": "4.25.2"
            }
          },
          "yq": {
            "bzlFile": "@@aspect_bazel_lib~//lib/private:yq_toolchain.bzl",
            "ruleClassName": "yq_host_alias_repo",
            "attributes": {}
          },
          "yq_toolchains": {
            "bzlFile": "@@aspect_bazel_lib~//lib/private:yq_toolchain.bzl",
            "ruleClassName": "yq_toolchains_repo",
            "attributes": {
              "user_repository_name": "yq"
            }
          },
          "coreutils_darwin_amd64": {
            "bzlFile": "@@aspect_bazel_lib~//lib/private:coreutils_toolchain.bzl",
            "ruleClassName": "coreutils_platform_repo",
            "attributes": {
              "platform": "darwin_amd64",
              "version": "0.0.23"
            }
          },
          "coreutils_darwin_arm64": {
            "bzlFile": "@@aspect_bazel_lib~//lib/private:coreutils_toolchain.bzl",
            "ruleClassName": "coreutils_platform_repo",
            "attributes": {
              "platform": "darwin_arm64",
              "version": "0.0.23"
            }
          },
          "coreutils_linux_amd64": {
            "bzlFile": "@@aspect_bazel_lib~//lib/private:coreutils_toolchain.bzl",
            "ruleClassName": "coreutils_platform_repo",
            "attributes": {
              "platform": "linux_amd64",
              "version": "0.0.23"
            }
          },
          "coreutils_linux_arm64": {
            "bzlFile": "@@aspect_bazel_lib~//lib/private:coreutils_toolchain.bzl",
            "ruleClassName": "coreutils_platform_repo",
            "attributes": {
              "platform": "linux_arm64",
              "version": "0.0.23"
            }
          },
          "coreutils_windows_amd64": {
            "bzlFile": "@@aspect_bazel_lib~//lib/private:coreutils_toolchain.bzl",
            "ruleClassName": "coreutils_platform_repo",
            "attributes": {
              "platform": "windows_amd64",
              "version": "0.0.23"
            }
          },
          "coreutils_toolchains": {
            "bzlFile": "@@aspect_bazel_lib~//lib/private:coreutils_toolchain.bzl",
            "ruleClassName": "coreutils_toolchains_repo",
            "attributes": {
              "user_repository_name": "coreutils"
            }
          },
          "bsd_tar_darwin_amd64": {
            "bzlFile": "@@aspect_bazel_lib~//lib/private:tar_toolchain.bzl",
            "ruleClassName": "bsdtar_binary_repo",
            "attributes": {
              "platform": "darwin_amd64"
            }
          },
          "bsd_tar_darwin_arm64": {
            "bzlFile": "@@aspect_bazel_lib~//lib/private:tar_toolchain.bzl",
            "ruleClassName": "bsdtar_binary_repo",
            "attributes": {
              "platform": "darwin_arm64"
            }
          },
          "bsd_tar_linux_amd64": {
            "bzlFile": "@@aspect_bazel_lib~//lib/private:tar_toolchain.bzl",
            "ruleClassName": "bsdtar_binary_repo",
            "attributes": {
              "platform": "linux_amd64"
            }
          },
          "bsd_tar_linux_arm64": {
            "bzlFile": "@@aspect_bazel_lib~//lib/private:tar_toolchain.bzl",
            "ruleClassName": "bsdtar_binary_repo",
            "attributes": {
              "platform": "linux_arm64"
            }
          },
          "bsd_tar_windows_amd64": {
            "bzlFile": "@@aspect_bazel_lib~//lib/private:tar_toolchain.bzl",
            "ruleClassName": "bsdtar_binary_repo",
            "attributes": {
              "platform": "windows_amd64"
            }
          },
          "bsd_tar_toolchains": {
            "bzlFile": "@@aspect_bazel_lib~//lib/private:tar_toolchain.bzl",
            "ruleClassName": "tar_toolchains_repo",
            "attributes": {
              "user_repository_name": "bsd_tar"
            }
          },
          "zstd_darwin_amd64": {
            "bzlFile": "@@aspect_bazel_lib~//lib/private:zstd_toolchain.bzl",
            "ruleClassName": "zstd_binary_repo",
            "attributes": {
              "platform": "darwin_amd64"
            }
          },
          "zstd_darwin_arm64": {
            "bzlFile": "@@aspect_bazel_lib~//lib/private:zstd_toolchain.bzl",
            "ruleClassName": "zstd_binary_repo",
            "attributes": {
              "platform": "darwin_arm64"
            }
          },
          "zstd_linux_amd64": {
            "bzlFile": "@@aspect_bazel_lib~//lib/private:zstd_toolchain.bzl",
            "ruleClassName": "zstd_binary_repo",
            "attributes": {
              "platform": "linux_amd64"
            }
          },
          "zstd_linux_arm64": {
            "bzlFile": "@@aspect_bazel_lib~//lib/private:zstd_toolchain.bzl",
            "ruleClassName": "zstd_binary_repo",
            "attributes": {
              "platform": "linux_arm64"
            }
          },
          "zstd_toolchains": {
            "bzlFile": "@@aspect_bazel_lib~//lib/private:zstd_toolchain.bzl",
            "ruleClassName": "zstd_toolchains_repo",
            "attributes": {
              "user_repository_name": "zstd"
            }
          },
          "expand_template_darwin_amd64": {
            "bzlFile": "@@aspect_bazel_lib~//lib/private:expand_template_toolchain.bzl",
            "ruleClassName": "expand_template_platform_repo",
            "attributes": {
              "platform": "darwin_amd64"
            }
          },
          "expand_template_darwin_arm64": {
            "bzlFile": "@@aspect_bazel_lib~//lib/private:expand_template_toolchain.bzl",
            "ruleClassName": "expand_template_platform_repo",
            "attributes": {
              "platform": "darwin_arm64"
            }
          },
          "expand_template_freebsd_amd64": {
            "bzlFile": "@@aspect_bazel_lib~//lib/private:expand_template_toolchain.bzl",
            "ruleClassName": "expand_template_platform_repo",
            "attributes": {
              "platform": "freebsd_amd64"
            }
          },
          "expand_template_linux_amd64": {
            "bzlFile": "@@aspect_bazel_lib~//lib/private:expand_template_toolchain.bzl",
            "ruleClassName": "expand_template_platform_repo",
            "attributes": {
              "platform": "linux_amd64"
            }
          },
          "expand_template_linux_arm64": {
            "bzlFile": "@@aspect_bazel_lib~//lib/private:expand_template_toolchain.bzl",
            "ruleClassName": "expand_template_platform_repo",
            "attributes": {
              "platform": "linux_arm64"
            }
          },
          "expand_template_windows_amd64": {
            "bzlFile": "@@aspect_bazel_lib~//lib/private:expand_template_toolchain.bzl",
            "ruleClassName": "expand_template_platform_repo",
            "attributes": {
              "platform": "windows_amd64"
            }
          },
          "expand_template_toolchains": {
            "bzlFile": "@@aspect_bazel_lib~//lib/private:expand_template_toolchain.bzl",
            "ruleClassName": "expand_template_toolchains_repo",
            "attributes": {
              "user_repository_name": "expand_template"
            }
          },
          "bats_support": {
            "bzlFile": "@@bazel_tools//tools/build_defs/repo:http.bzl",
            "ruleClassName": "http_archive",
            "attributes": {
              "sha256": "7815237aafeb42ddcc1b8c698fc5808026d33317d8701d5ec2396e9634e2918f",
              "urls": [
                "https://github.com/bats-core/bats-support/archive/v0.3.0.tar.gz"
              ],
              "strip_prefix": "bats-support-0.3.0",
              "build_file_content": "load(\"@aspect_bazel_lib//lib:copy_to_directory.bzl\", \"copy_to_directory\")\n\ncopy_to_directory(\n    name = \"support\",\n    hardlink = \"on\",\n    srcs = glob([\n        \"src/**\",\n        \"load.bash\",\n    ]),\n    out = \"bats-support\",\n    visibility = [\"//visibility:public\"]\n)\n"
            }
          },
          "bats_assert": {
            "bzlFile": "@@bazel_tools//tools/build_defs/repo:http.bzl",
            "ruleClassName": "http_archive",
            "attributes": {
              "sha256": "98ca3b685f8b8993e48ec057565e6e2abcc541034ed5b0e81f191505682037fd",
              "urls": [
                "https://github.com/bats-core/bats-assert/archive/v2.1.0.tar.gz"
              ],
              "strip_prefix": "bats-assert-2.1.0",
              "build_file_content": "load(\"@aspect_bazel_lib//lib:copy_to_directory.bzl\", \"copy_to_directory\")\n\ncopy_to_directory(\n    name = \"assert\",\n    hardlink = \"on\",\n    srcs = glob([\n        \"src/**\",\n        \"load.bash\",\n    ]),\n    out = \"bats-assert\",\n    visibility = [\"//visibility:public\"]\n)\n"
            }
          },
          "bats_file": {
            "bzlFile": "@@bazel_tools//tools/build_defs/repo:http.bzl",
            "ruleClassName": "http_archive",
            "attributes": {
              "sha256": "9b69043241f3af1c2d251f89b4fcafa5df3f05e97b89db18d7c9bdf5731bb27a",
              "urls": [
                "https://github.com/bats-core/bats-file/archive/v0.4.0.tar.gz"
              ],
              "strip_prefix": "bats-file-0.4.0",
              "build_file_content": "load(\"@aspect_bazel_lib//lib:copy_to_directory.bzl\", \"copy_to_directory\")\n\ncopy_to_directory(\n    name = \"file\",\n    hardlink = \"on\",\n    srcs = glob([\n        \"src/**\",\n        \"load.bash\",\n    ]),\n    out = \"bats-file\",\n    visibility = [\"//visibility:public\"]\n)\n"
            }
          },
          "bats_toolchains": {
            "bzlFile": "@@bazel_tools//tools/build_defs/repo:http.bzl",
            "ruleClassName": "http_archive",
            "attributes": {
              "sha256": "a1a9f7875aa4b6a9480ca384d5865f1ccf1b0b1faead6b47aa47d79709a5c5fd",
              "urls": [
                "https://github.com/bats-core/bats-core/archive/v1.10.0.tar.gz"
              ],
              "strip_prefix": "bats-core-1.10.0",
              "build_file_content": "load(\"@local_config_platform//:constraints.bzl\", \"HOST_CONSTRAINTS\")\nload(\"@aspect_bazel_lib//lib/private:bats_toolchain.bzl\", \"bats_toolchain\")\nload(\"@aspect_bazel_lib//lib:copy_to_directory.bzl\", \"copy_to_directory\")\n\ncopy_to_directory(\n    name = \"core\",\n    hardlink = \"on\",\n    srcs = glob([\n        \"lib/**\",\n        \"libexec/**\"\n    ]) + [\"bin/bats\"],\n    out = \"bats-core\",\n)\n\nbats_toolchain(\n    name = \"toolchain\",\n    core = \":core\",\n    libraries = [\"@bats_support//:support\", \"@bats_assert//:assert\", \"@bats_file//:file\"]\n)\n\ntoolchain(\n    name = \"bats_toolchain\",\n    exec_compatible_with = HOST_CONSTRAINTS,\n    toolchain = \":toolchain\",\n    toolchain_type = \"@aspect_bazel_lib//lib:bats_toolchain_type\",\n)\n"
            }
          }
        },
        "recordedRepoMappingEntries": [
          [
            "aspect_bazel_lib~",
            "aspect_bazel_lib",
            "aspect_bazel_lib~"
          ],
          [
            "aspect_bazel_lib~",
            "bazel_skylib",
            "bazel_skylib~"
          ],
          [
            "aspect_bazel_lib~",
            "bazel_tools",
            "bazel_tools"
          ]
        ]
      }
    },
    "@@gazelle~//internal/bzlmod:non_module_deps.bzl%non_module_deps": {
      "general": {
        "bzlTransitiveDigest": "idtJXxcHUd75fcvggtK/s6naCFjcaysxF0U5OKBm2LE=",
        "usagesDigest": "MSRC6XQC2hTPso00Q6U8X4K/6hZrN5jRz5oC+ZunIss=",
        "recordedFileInputs": {},
        "recordedDirentsInputs": {},
        "envVariables": {},
        "generatedRepoSpecs": {
          "bazel_gazelle_go_repository_cache": {
            "bzlFile": "@@gazelle~//internal:go_repository_cache.bzl",
            "ruleClassName": "go_repository_cache",
            "attributes": {
              "go_sdk_name": "@rules_go~~go_sdk~go_default_sdk",
              "go_env": {}
            }
          },
          "bazel_gazelle_go_repository_tools": {
            "bzlFile": "@@gazelle~//internal:go_repository_tools.bzl",
            "ruleClassName": "go_repository_tools",
            "attributes": {
              "go_cache": "@@gazelle~~non_module_deps~bazel_gazelle_go_repository_cache//:go.env"
            }
          },
          "bazel_gazelle_is_bazel_module": {
            "bzlFile": "@@gazelle~//internal:is_bazel_module.bzl",
            "ruleClassName": "is_bazel_module",
            "attributes": {
              "is_bazel_module": true
            }
          }
        },
        "recordedRepoMappingEntries": [
          [
            "gazelle~",
            "bazel_gazelle_go_repository_cache",
            "gazelle~~non_module_deps~bazel_gazelle_go_repository_cache"
          ],
          [
            "gazelle~",
            "go_host_compatible_sdk_label",
            "rules_go~~go_sdk~go_host_compatible_sdk_label"
          ],
          [
            "rules_go~~go_sdk~go_host_compatible_sdk_label",
            "go_default_sdk",
            "rules_go~~go_sdk~go_default_sdk"
          ]
        ]
      }
    },
    "@@rules_elixir~//bzlmod:extensions.bzl%elixir_config": {
      "general": {
        "bzlTransitiveDigest": "ohoT9jmBnvAHOfB4OsOb7JBw77WEicWKthjpKqEIdR4=",
        "usagesDigest": "duWM0dCC4Rzh5sSKZ2aPNobiqClyPN64qK94b5JRXoo=",
        "recordedFileInputs": {},
        "recordedDirentsInputs": {},
        "envVariables": {},
        "generatedRepoSpecs": {
          "elixir_config": {
            "bzlFile": "@@rules_elixir~//repositories:elixir_config.bzl",
            "ruleClassName": "elixir_config",
            "attributes": {
              "types": {
                "elixir_1_19_4": "internal"
              },
              "versions": {
                "elixir_1_19_4": "1.19.4"
              },
              "urls": {
                "elixir_1_19_4": "https://github.com/elixir-lang/elixir/archive/refs/tags/v1.19.4.tar.gz"
              },
              "strip_prefixs": {
                "elixir_1_19_4": "elixir-1.19.4"
              },
              "sha256s": {
                "elixir_1_19_4": "a2df9d5411fc53d97ec17c069765c8fb781f8dc36c4e06ec1cd4b189340d364b"
              },
              "elixir_homes": {}
            }
          }
        },
        "recordedRepoMappingEntries": [
          [
            "rules_elixir~",
            "rules_erlang",
            "rules_erlang~"
          ]
        ]
      }
    },
    "@@rules_erlang~//bzlmod:extensions.bzl%erlang_config": {
      "general": {
        "bzlTransitiveDigest": "6z3KW/Uov1FDBxXxfojwjdjYZePsVsyphqPDb9xflC0=",
        "usagesDigest": "3bP68SvsgaogwyKnfO0ZPjWFJOkG6p6GxhMm+9nHt0c=",
        "recordedFileInputs": {},
        "recordedDirentsInputs": {},
        "envVariables": {},
        "generatedRepoSpecs": {
          "erlang_config": {
            "bzlFile": "@@rules_erlang~//repositories:erlang_config.bzl",
            "ruleClassName": "erlang_config",
            "attributes": {
              "rules_erlang_workspace": "@rules_erlang",
              "types": {
                "otp_28_1": "internal"
              },
              "versions": {
                "otp_28_1": "28.1"
              },
              "urls": {
                "otp_28_1": "https://github.com/erlang/otp/releases/download/OTP-28.1/otp_src_28.1.tar.gz"
              },
              "strip_prefixs": {
                "otp_28_1": "otp_src_28.1"
              },
              "sha256s": {
                "otp_28_1": "c7c6fe06a3bf0031187d4cb10d30e11de119b38bdba7cd277898f75d53bdb218"
              },
              "erlang_homes": {},
              "pre_configure_cmdss": {
                "otp_28_1": []
              },
              "extra_configure_optss": {
                "otp_28_1": []
              },
              "post_configure_cmdss": {
                "otp_28_1": []
              },
              "extra_make_optss": {
                "otp_28_1": []
              }
            }
          }
        },
        "recordedRepoMappingEntries": [
          [
            "rules_erlang~",
            "bazel_skylib",
            "bazel_skylib~"
          ],
          [
            "rules_erlang~",
            "bazel_tools",
            "bazel_tools"
          ]
        ]
      }
    },
    "@@rules_go~//go:extensions.bzl%go_sdk": {
      "general": {
        "bzlTransitiveDigest": "6OpUR/yglzmu6OR0l9BvoXNEmRETCk2i9/mg6yhIbMA=",
        "usagesDigest": "tTlUxEJJb9GUviwQ6U44JHssQ47EY+5laMrxCO/BfFU=",
        "recordedFileInputs": {},
        "recordedDirentsInputs": {},
        "envVariables": {},
        "generatedRepoSpecs": {
          "go_default_sdk": {
            "bzlFile": "@@rules_go~//go/private:sdk.bzl",
            "ruleClassName": "go_download_sdk_rule",
            "attributes": {
              "goos": "",
              "goarch": "",
              "sdks": {},
              "urls": [
                "https://dl.google.com/go/{}"
              ],
              "version": "1.20.2"
            }
          },
          "go_host_compatible_sdk_label": {
            "bzlFile": "@@rules_go~//go/private:extensions.bzl",
            "ruleClassName": "host_compatible_toolchain",
            "attributes": {
              "toolchain": "@go_default_sdk//:ROOT"
            }
          },
          "go_toolchains": {
            "bzlFile": "@@rules_go~//go/private:sdk.bzl",
            "ruleClassName": "go_multiple_toolchains",
            "attributes": {
              "prefixes": [
                "_0000_go_default_sdk_"
              ],
              "geese": [
                ""
              ],
              "goarchs": [
                ""
              ],
              "sdk_repos": [
                "go_default_sdk"
              ],
              "sdk_types": [
                "remote"
              ],
              "sdk_versions": [
                "1.20.2"
              ]
            }
          }
        },
        "recordedRepoMappingEntries": [
          [
            "rules_go~",
            "bazel_tools",
            "bazel_tools"
          ]
        ]
      }
    },
    "@@rules_oci~//oci:extensions.bzl%oci": {
      "general": {
        "bzlTransitiveDigest": "nWwp7/pJdtRc99uMaz5w9DbhuLm5eix2oiWVJA6xxU0=",
        "usagesDigest": "WHSuO+5pVas0txcZlFMbvqcOgGjoNIHUG2FXXywpJ7s=",
        "recordedFileInputs": {},
        "recordedDirentsInputs": {},
        "envVariables": {},
        "generatedRepoSpecs": {
          "hexpm_elixir_runtime_linux_amd64_linux_amd64": {
            "bzlFile": "@@rules_oci~//oci/private:pull.bzl",
            "ruleClassName": "oci_pull",
            "attributes": {
              "www_authenticate_challenges": {},
              "scheme": "https",
              "registry": "hexpm",
              "repository": "elixir",
              "identifier": "sha256:cdacd4041282e534b4fd6d96eabc78b24cb334d80efe56936e88f0f3d6c8eb49",
              "platform": "linux/amd64",
              "target_name": "hexpm_elixir_runtime_linux_amd64_linux_amd64",
              "bazel_tags": []
            }
          },
          "hexpm_elixir_runtime_linux_amd64": {
            "bzlFile": "@@rules_oci~//oci/private:pull.bzl",
            "ruleClassName": "oci_alias",
            "attributes": {
              "target_name": "hexpm_elixir_runtime_linux_amd64",
              "www_authenticate_challenges": {},
              "scheme": "https",
              "registry": "hexpm",
              "repository": "elixir",
              "identifier": "sha256:cdacd4041282e534b4fd6d96eabc78b24cb334d80efe56936e88f0f3d6c8eb49",
              "platforms": {
                "@@platforms//cpu:x86_64": "@hexpm_elixir_runtime_linux_amd64_linux_amd64"
              },
              "bzlmod_repository": "hexpm_elixir_runtime_linux_amd64",
              "reproducible": true
            }
          },
          "oci_crane_darwin_amd64": {
            "bzlFile": "@@rules_oci~//oci:repositories.bzl",
            "ruleClassName": "crane_repositories",
            "attributes": {
              "platform": "darwin_amd64",
              "crane_version": "v0.18.0"
            }
          },
          "oci_crane_darwin_arm64": {
            "bzlFile": "@@rules_oci~//oci:repositories.bzl",
            "ruleClassName": "crane_repositories",
            "attributes": {
              "platform": "darwin_arm64",
              "crane_version": "v0.18.0"
            }
          },
          "oci_crane_linux_arm64": {
            "bzlFile": "@@rules_oci~//oci:repositories.bzl",
            "ruleClassName": "crane_repositories",
            "attributes": {
              "platform": "linux_arm64",
              "crane_version": "v0.18.0"
            }
          },
          "oci_crane_linux_armv6": {
            "bzlFile": "@@rules_oci~//oci:repositories.bzl",
            "ruleClassName": "crane_repositories",
            "attributes": {
              "platform": "linux_armv6",
              "crane_version": "v0.18.0"
            }
          },
          "oci_crane_linux_i386": {
            "bzlFile": "@@rules_oci~//oci:repositories.bzl",
            "ruleClassName": "crane_repositories",
            "attributes": {
              "platform": "linux_i386",
              "crane_version": "v0.18.0"
            }
          },
          "oci_crane_linux_s390x": {
            "bzlFile": "@@rules_oci~//oci:repositories.bzl",
            "ruleClassName": "crane_repositories",
            "attributes": {
              "platform": "linux_s390x",
              "crane_version": "v0.18.0"
            }
          },
          "oci_crane_linux_amd64": {
            "bzlFile": "@@rules_oci~//oci:repositories.bzl",
            "ruleClassName": "crane_repositories",
            "attributes": {
              "platform": "linux_amd64",
              "crane_version": "v0.18.0"
            }
          },
          "oci_crane_windows_armv6": {
            "bzlFile": "@@rules_oci~//oci:repositories.bzl",
            "ruleClassName": "crane_repositories",
            "attributes": {
              "platform": "windows_armv6",
              "crane_version": "v0.18.0"
            }
          },
          "oci_crane_windows_amd64": {
            "bzlFile": "@@rules_oci~//oci:repositories.bzl",
            "ruleClassName": "crane_repositories",
            "attributes": {
              "platform": "windows_amd64",
              "crane_version": "v0.18.0"
            }
          },
          "oci_crane_toolchains": {
            "bzlFile": "@@rules_oci~//oci/private:toolchains_repo.bzl",
            "ruleClassName": "toolchains_repo",
            "attributes": {
              "toolchain_type": "@rules_oci//oci:crane_toolchain_type",
              "toolchain": "@oci_crane_{platform}//:crane_toolchain"
            }
          },
          "oci_regctl_darwin_amd64": {
            "bzlFile": "@@rules_oci~//oci:repositories.bzl",
            "ruleClassName": "regctl_repositories",
            "attributes": {
              "platform": "darwin_amd64"
            }
          },
          "oci_regctl_darwin_arm64": {
            "bzlFile": "@@rules_oci~//oci:repositories.bzl",
            "ruleClassName": "regctl_repositories",
            "attributes": {
              "platform": "darwin_arm64"
            }
          },
          "oci_regctl_linux_arm64": {
            "bzlFile": "@@rules_oci~//oci:repositories.bzl",
            "ruleClassName": "regctl_repositories",
            "attributes": {
              "platform": "linux_arm64"
            }
          },
          "oci_regctl_linux_s390x": {
            "bzlFile": "@@rules_oci~//oci:repositories.bzl",
            "ruleClassName": "regctl_repositories",
            "attributes": {
              "platform": "linux_s390x"
            }
          },
          "oci_regctl_linux_amd64": {
            "bzlFile": "@@rules_oci~//oci:repositories.bzl",
            "ruleClassName": "regctl_repositories",
            "attributes": {
              "platform": "linux_amd64"
            }
          },
          "oci_regctl_windows_amd64": {
            "bzlFile": "@@rules_oci~//oci:repositories.bzl",
            "ruleClassName": "regctl_repositories",
            "attributes": {
              "platform": "windows_amd64"
            }
          },
          "oci_regctl_toolchains": {
            "bzlFile": "@@rules_oci~//oci/private:toolchains_repo.bzl",
            "ruleClassName": "toolchains_repo",
            "attributes": {
              "toolchain_type": "@rules_oci//oci:regctl_toolchain_type",
              "toolchain": "@oci_regctl_{platform}//:regctl_toolchain"
            }
          }
        },
        "moduleExtensionMetadata": {
          "explicitRootModuleDirectDeps": [
            "hexpm_elixir_runtime_linux_amd64",
            "hexpm_elixir_runtime_linux_amd64_linux_amd64"
          ],
          "explicitRootModuleDirectDevDeps": [],
          "useAllRepos": "NO",
          "reproducible": false
        },
        "recordedRepoMappingEntries": [
          [
            "aspect_bazel_lib~",
            "bazel_tools",
            "bazel_tools"
          ],
          [
            "bazel_features~",
            "bazel_tools",
            "bazel_tools"
          ],
          [
            "rules_oci~",
            "aspect_bazel_lib",
            "aspect_bazel_lib~"
          ],
          [
            "rules_oci~",
            "bazel_features",
            "bazel_features~"
          ],
          [
            "rules_oci~",
            "bazel_skylib",
            "bazel_skylib~"
          ]
        ]
      }
    }
  }
}
